
Microsoft Visual Studio Solution File, Format Version 12.00
# Visual Studio Version 16
VisualStudioVersion = 16.0.28803.352
MinimumVisualStudioVersion = 10.0.40219.1
Project("{FAE04EC0-301F-11D3-BF4B-00C04F79EFBC}") = "QuickBuy.Dominio", "QuickBuy.Dominio\QuickBuy.Dominio.csproj", "{1703FCC0-4E48-403C-AAF4-C654800867A6}"
EndProject
Project("{FAE04EC0-301F-11D3-BF4B-00C04F79EFBC}") = "QuickBuy.Repositorio", "QuickBuy.Repositorio\QuickBuy.Repositorio.csproj", "{3E25E9EB-FE43-4D54-AF5D-7C3E0D14DE77}"
EndProject
Project("{FAE04EC0-301F-11D3-BF4B-00C04F79EFBC}") = "QuickBuy.Web", "QuickBuy.Web\QuickBuy.Web.csproj", "{7E7C0678-EF4D-485F-A437-FE1AFF855915}"
EndProject
Global
	GlobalSection(SolutionConfigurationPlatforms) = preSolution
		Debug|Any CPU = Debug|Any CPU
		Release|Any CPU = Release|Any CPU
	EndGlobalSection
	GlobalSection(ProjectConfigurationPlatforms) = postSolution
		{1703FCC0-4E48-403C-AAF4-C654800867A6}.Debug|Any CPU.ActiveCfg = Debug|Any CPU
		{1703FCC0-4E48-403C-AAF4-C654800867A6}.Debug|Any CPU.Build.0 = Debug|Any CPU
		{1703FCC0-4E48-403C-AAF4-C654800867A6}.Release|Any CPU.ActiveCfg = Release|Any CPU
		{1703FCC0-4E48-403C-AAF4-C654800867A6}.Release|Any CPU.Build.0 = Release|Any CPU
		{3E25E9EB-FE43-4D54-AF5D-7C3E0D14DE77}.Debug|Any CPU.ActiveCfg = Debug|Any CPU
		{3E25E9EB-FE43-4D54-AF5D-7C3E0D14DE77}.Debug|Any CPU.Build.0 = Debug|Any CPU
		{3E25E9EB-FE43-4D54-AF5D-7C3E0D14DE77}.Release|Any CPU.ActiveCfg = Release|Any CPU
		{3E25E9EB-FE43-4D54-AF5D-7C3E0D14DE77}.Release|Any CPU.Build.0 = Release|Any CPU
		{7E7C0678-EF4D-485F-A437-FE1AFF855915}.Debug|Any CPU.ActiveCfg = Debug|Any CPU
		{7E7C0678-EF4D-485F-A437-FE1AFF855915}.Debug|Any CPU.Build.0 = Debug|Any CPU
		{7E7C0678-EF4D-485F-A437-FE1AFF855915}.Release|Any CPU.ActiveCfg = Release|Any CPU
		{7E7C0678-EF4D-485F-A437-FE1AFF855915}.Release|Any CPU.Build.0 = Release|Any CPU
	EndGlobalSection
	GlobalSection(SolutionProperties) = preSolution
		HideSolutionNode = FALSE
	EndGlobalSection
	GlobalSection(ExtensibilityGlobals) = postSolution
		SolutionGuid = {BECFA4E4-39F6-4871-B9A1-EA4BEAB1356A}
	EndGlobalSection
EndGlobal
